// !$*UTF8*$!
{
	archiveVersion = 1;
	classes = {
	};
	objectVersion = 50;
	objects = {

/* Begin PBXBuildFile section */
		F70031DA2381498800E185FC /* AppDelegate.swift in Sources */ = {isa = PBXBuildFile; fileRef = F70031D92381498800E185FC /* AppDelegate.swift */; };
		F70031DC2381498800E185FC /* CountryView.swift in Sources */ = {isa = PBXBuildFile; fileRef = F70031DB2381498800E185FC /* CountryView.swift */; };
		F70031E12381498900E185FC /* Assets.xcassets in Resources */ = {isa = PBXBuildFile; fileRef = F70031E02381498900E185FC /* Assets.xcassets */; };
		F767FEB2238B014A001A551F /* classCountry.swift in Sources */ = {isa = PBXBuildFile; fileRef = F767FEB1238B014A001A551F /* classCountry.swift */; };
		F767FEB8238B03D8001A551F /* messages.json in Resources */ = {isa = PBXBuildFile; fileRef = F767FEB7238B03D8001A551F /* messages.json */; };
		F767FEBA238B041A001A551F /* CountryViewModel.swift in Sources */ = {isa = PBXBuildFile; fileRef = F767FEB9238B041A001A551F /* CountryViewModel.swift */; };
		F7E71EB4239E3D7B00E08D39 /* CountryViewCell.swift in Sources */ = {isa = PBXBuildFile; fileRef = F7E71EB3239E3D7B00E08D39 /* CountryViewCell.swift */; };
/* End PBXBuildFile section */

/* Begin PBXFileReference section */
		F70031D62381498800E185FC /* JsonApp.app */ = {isa = PBXFileReference; explicitFileType = wrapper.application; includeInIndex = 0; path = JsonApp.app; sourceTree = BUILT_PRODUCTS_DIR; };
		F70031D92381498800E185FC /* AppDelegate.swift */ = {isa = PBXFileReference; lastKnownFileType = sourcecode.swift; path = AppDelegate.swift; sourceTree = "<group>"; };
		F70031DB2381498800E185FC /* CountryView.swift */ = {isa = PBXFileReference; lastKnownFileType = sourcecode.swift; path = CountryView.swift; sourceTree = "<group>"; };
		F70031E02381498900E185FC /* Assets.xcassets */ = {isa = PBXFileReference; lastKnownFileType = folder.assetcatalog; path = Assets.xcassets; sourceTree = "<group>"; };
		F70031E52381498900E185FC /* Info.plist */ = {isa = PBXFileReference; lastKnownFileType = text.plist.xml; path = Info.plist; sourceTree = "<group>"; };
		F767FEB1238B014A001A551F /* classCountry.swift */ = {isa = PBXFileReference; lastKnownFileType = sourcecode.swift; path = classCountry.swift; sourceTree = "<group>"; };
		F767FEB7238B03D8001A551F /* messages.json */ = {isa = PBXFileReference; fileEncoding = 4; lastKnownFileType = text.json; name = messages.json; path = ../../../../messages.json; sourceTree = "<group>"; };
		F767FEB9238B041A001A551F /* CountryViewModel.swift */ = {isa = PBXFileReference; lastKnownFileType = sourcecode.swift; path = CountryViewModel.swift; sourceTree = "<group>"; };
		F7E71EB3239E3D7B00E08D39 /* CountryViewCell.swift */ = {isa = PBXFileReference; lastKnownFileType = sourcecode.swift; path = CountryViewCell.swift; sourceTree = "<group>"; };
/* End PBXFileReference section */

/* Begin PBXFrameworksBuildPhase section */
		F70031D32381498800E185FC /* Frameworks */ = {
			isa = PBXFrameworksBuildPhase;
			buildActionMask = 2147483647;
			files = (
			);
			runOnlyForDeploymentPostprocessing = 0;
		};
/* End PBXFrameworksBuildPhase section */

/* Begin PBXGroup section */
		F70031CD2381498800E185FC = {
			isa = PBXGroup;
			children = (
				F70031D82381498800E185FC /* JsonApp */,
				F70031D72381498800E185FC /* Products */,
			);
			sourceTree = "<group>";
		};
		F70031D72381498800E185FC /* Products */ = {
			isa = PBXGroup;
			children = (
				F70031D62381498800E185FC /* JsonApp.app */,
			);
			name = Products;
			sourceTree = "<group>";
		};
		F70031D82381498800E185FC /* JsonApp */ = {
			isa = PBXGroup;
			children = (
				F767FEB0238B0121001A551F /* Model */,
				F767FEB4238B0372001A551F /* ViewModel */,
				F767FEB3238B028C001A551F /* View */,
				F70031E02381498900E185FC /* Assets.xcassets */,
				F70031E52381498900E185FC /* Info.plist */,
			);
			path = JsonApp;
			sourceTree = "<group>";
		};
		F767FEB0238B0121001A551F /* Model */ = {
			isa = PBXGroup;
			children = (
				F767FEB7238B03D8001A551F /* messages.json */,
				F767FEB1238B014A001A551F /* classCountry.swift */,
			);
			path = Model;
			sourceTree = "<group>";
		};
		F767FEB3238B028C001A551F /* View */ = {
			isa = PBXGroup;
			children = (
				F70031D92381498800E185FC /* AppDelegate.swift */,
				F70031DB2381498800E185FC /* CountryView.swift */,
				F7E71EB3239E3D7B00E08D39 /* CountryViewCell.swift */,
			);
			path = View;
			sourceTree = "<group>";
		};
		F767FEB4238B0372001A551F /* ViewModel */ = {
			isa = PBXGroup;
			children = (
				F767FEB9238B041A001A551F /* CountryViewModel.swift */,
			);
			path = ViewModel;
			sourceTree = "<group>";
		};
/* End PBXGroup section */

/* Begin PBXNativeTarget section */
		F70031D52381498800E185FC /* JsonApp */ = {
			isa = PBXNativeTarget;
			buildConfigurationList = F70031E82381498900E185FC /* Build configuration list for PBXNativeTarget "JsonApp" */;
			buildPhases = (
				F70031D22381498800E185FC /* Sources */,
				F70031D32381498800E185FC /* Frameworks */,
				F70031D42381498800E185FC /* Resources */,
			);
			buildRules = (
			);
			dependencies = (
			);
			name = JsonApp;
			productName = JsonApp;
			productReference = F70031D62381498800E185FC /* JsonApp.app */;
			productType = "com.apple.product-type.application";
		};
/* End PBXNativeTarget section */

/* Begin PBXProject section */
		F70031CE2381498800E185FC /* Project object */ = {
			isa = PBXProject;
			attributes = {
				LastSwiftUpdateCheck = 1020;
				LastUpgradeCheck = 1020;
				ORGANIZATIONNAME = "Игорь Сазонов";
				TargetAttributes = {
					F70031D52381498800E185FC = {
						CreatedOnToolsVersion = 10.2.1;
					};
				};
			};
			buildConfigurationList = F70031D12381498800E185FC /* Build configuration list for PBXProject "JsonApp" */;
			compatibilityVersion = "Xcode 9.3";
			developmentRegion = en;
			hasScannedForEncodings = 0;
			knownRegions = (
				en,
				Base,
			);
			mainGroup = F70031CD2381498800E185FC;
			productRefGroup = F70031D72381498800E185FC /* Products */;
			projectDirPath = "";
			projectRoot = "";
			targets = (
				F70031D52381498800E185FC /* JsonApp */,
			);
		};
/* End PBXProject section */

/* Begin PBXResourcesBuildPhase section */
		F70031D42381498800E185FC /* Resources */ = {
			isa = PBXResourcesBuildPhase;
			buildActionMask = 2147483647;
			files = (
				F767FEB8238B03D8001A551F /* messages.json in Resources */,
				F70031E12381498900E185FC /* Assets.xcassets in Resources */,
			);
			runOnlyForDeploymentPostprocessing = 0;
		};
/* End PBXResourcesBuildPhase section */

/* Begin PBXSourcesBuildPhase section */
		F70031D22381498800E185FC /* Sources */ = {
			isa = PBXSourcesBuildPhase;
			buildActionMask = 2147483647;
			files = (
				F7E71EB4239E3D7B00E08D39 /* CountryViewCell.swift in Sources */,
				F70031DC2381498800E185FC /* CountryView.swift in Sources */,
				F767FEBA238B041A001A551F /* CountryViewModel.swift in Sources */,
				F767FEB2238B014A001A551F /* classCountry.swift in Sources */,
				F70031DA2381498800E185FC /* AppDelegate.swift in Sources */,
			);
			runOnlyForDeploymentPostprocessing = 0;
		};
/* End PBXSourcesBuildPhase section */

/* Begin XCBuildConfiguration section */
		F70031E62381498900E185FC /* Debug */ = {
			isa = XCBuildConfiguration;
			buildSettings = {
				ALWAYS_SEARCH_USER_PATHS = NO;
				CLANG_ANALYZER_NONNULL = YES;
				CLANG_ANALYZER_NUMBER_OBJECT_CONVERSION = YES_AGGRESSIVE;
				CLANG_CXX_LANGUAGE_STANDARD = "gnu++14";
				CLANG_CXX_LIBRARY = "libc++";
				CLANG_ENABLE_MODULES = YES;
				CLANG_ENABLE_OBJC_ARC = YES;
				CLANG_ENABLE_OBJC_WEAK = YES;
				CLANG_WARN_BLOCK_CAPTURE_AUTORELEASING = YES;
				CLANG_WARN_BOOL_CONVERSION = YES;
				CLANG_WARN_COMMA = YES;
				CLANG_WARN_CONSTANT_CONVERSION = YES;
				CLANG_WARN_DEPRECATED_OBJC_IMPLEMENTATIONS = YES;
				CLANG_WARN_DIRECT_OBJC_ISA_USAGE = YES_ERROR;
				CLANG_WARN_DOCUMENTATION_COMMENTS = YES;
				CLANG_WARN_EMPTY_BODY = YES;
				CLANG_WARN_ENUM_CONVERSION = YES;
				CLANG_WARN_INFINITE_RECURSION = YES;
				CLANG_WARN_INT_CONVERSION = YES;
				CLANG_WARN_NON_LITERAL_NULL_CONVERSION = YES;
				CLANG_WARN_OBJC_IMPLICIT_RETAIN_SELF = YES;
				CLANG_WARN_OBJC_LITERAL_CONVERSION = YES;
				CLANG_WARN_OBJC_ROOT_CLASS = YES_ERROR;
				CLANG_WARN_RANGE_LOOP_ANALYSIS = YES;
				CLANG_WARN_STRICT_PROTOTYPES = YES;
				CLANG_WARN_SUSPICIOUS_MOVE = YES;
				CLANG_WARN_UNGUARDED_AVAILABILITY = YES_AGGRESSIVE;
				CLANG_WARN_UNREACHABLE_CODE = YES;
				CLANG_WARN__DUPLICATE_METHOD_MATCH = YES;
				CODE_SIGN_IDENTITY = "iPhone Developer";
				COPY_PHASE_STRIP = NO;
				DEBUG_INFORMATION_FORMAT = dwarf;
				ENABLE_STRICT_OBJC_MSGSEND = YES;
				ENABLE_TESTABILITY = YES;
				GCC_C_LANGUAGE_STANDARD = gnu11;
				GCC_DYNAMIC_NO_PIC = NO;
				GCC_NO_COMMON_BLOCKS = YES;
				GCC_OPTIMIZATION_LEVEL = 0;
				GCC_PREPROCESSOR_DEFINITIONS = (
					"DEBUG=1",
					"$(inherited)",
				);
				GCC_WARN_64_TO_32_BIT_CONVERSION = YES;
				GCC_WARN_ABOUT_RETURN_TYPE = YES_ERROR;
				GCC_WARN_UNDECLARED_SELECTOR = YES;
				GCC_WARN_UNINITIALIZED_AUTOS = YES_AGGRESSIVE;
				GCC_WARN_UNUSED_FUNCTION = YES;
				GCC_WARN_UNUSED_VARIABLE = YES;
				IPHONEOS_DEPLOYMENT_TARGET = 12.2;
				MTL_ENABLE_DEBUG_INFO = INCLUDE_SOURCE;
				MTL_FAST_MATH = YES;
				ONLY_ACTIVE_ARCH = YES;
				SDKROOT = iphoneos;
				SWIFT_ACTIVE_COMPILATION_CONDITIONS = DEBUG;
				SWIFT_OPTIMIZATION_LEVEL = "-Onone";
			};
			name = Debug;
		};
		F70031E72381498900E185FC /* Release */ = {
			isa = XCBuildConfiguration;
			buildSettings = {
				ALWAYS_SEARCH_USER_PATHS = NO;
				CLANG_ANALYZER_NONNULL = YES;
				CLANG_ANALYZER_NUMBER_OBJECT_CONVERSION = YES_AGGRESSIVE;
				CLANG_CXX_LANGUAGE_STANDARD = "gnu++14";
				CLANG_CXX_LIBRARY = "libc++";
				CLANG_ENABLE_MODULES = YES;
				CLANG_ENABLE_OBJC_ARC = YES;
				CLANG_ENABLE_OBJC_WEAK = YES;
				CLANG_WARN_BLOCK_CAPTURE_AUTORELEASING = YES;
				CLANG_WARN_BOOL_CONVERSION = YES;
				CLANG_WARN_COMMA = YES;
				CLANG_WARN_CONSTANT_CONVERSION = YES;
				CLANG_WARN_DEPRECATED_OBJC_IMPLEMENTATIONS = YES;
				CLANG_WARN_DIRECT_OBJC_ISA_USAGE = YES_ERROR;
				CLANG_WARN_DOCUMENTATION_COMMENTS = YES;
				CLANG_WARN_EMPTY_BODY = YES;
				CLANG_WARN_ENUM_CONVERSION = YES;
				CLANG_WARN_INFINITE_RECURSION = YES;
				CLANG_WARN_INT_CONVERSION = YES;
				CLANG_WARN_NON_LITERAL_NULL_CONVERSION = YES;
				CLANG_WARN_OBJC_IMPLICIT_RETAIN_SELF = YES;
				CLANG_WARN_OBJC_LITERAL_CONVERSION = YES;
				CLANG_WARN_OBJC_ROOT_CLASS = YES_ERROR;
				CLANG_WARN_RANGE_LOOP_ANALYSIS = YES;
				CLANG_WARN_STRICT_PROTOTYPES = YES;
				CLANG_WARN_SUSPICIOUS_MOVE = YES;
				CLANG_WARN_UNGUARDED_AVAILABILITY = YES_AGGRESSIVE;
				CLANG_WARN_UNREACHABLE_CODE = YES;
				CLANG_WARN__DUPLICATE_METHOD_MATCH = YES;
				CODE_SIGN_IDENTITY = "iPhone Developer";
				COPY_PHASE_STRIP = NO;
				DEBUG_INFORMATION_FORMAT = "dwarf-with-dsym";
				ENABLE_NS_ASSERTIONS = NO;
				ENABLE_STRICT_OBJC_MSGSEND = YES;
				GCC_C_LANGUAGE_STANDARD = gnu11;
				GCC_NO_COMMON_BLOCKS = YES;
				GCC_WARN_64_TO_32_BIT_CONVERSION = YES;
				GCC_WARN_ABOUT_RETURN_TYPE = YES_ERROR;
				GCC_WARN_UNDECLARED_SELECTOR = YES;
				GCC_WARN_UNINITIALIZED_AUTOS = YES_AGGRESSIVE;
				GCC_WARN_UNUSED_FUNCTION = YES;
				GCC_WARN_UNUSED_VARIABLE = YES;
				IPHONEOS_DEPLOYMENT_TARGET = 12.2;
				MTL_ENABLE_DEBUG_INFO = NO;
				MTL_FAST_MATH = YES;
				SDKROOT = iphoneos;
				SWIFT_COMPILATION_MODE = wholemodule;
				SWIFT_OPTIMIZATION_LEVEL = "-O";
				VALIDATE_PRODUCT = YES;
			};
			name = Release;
		};
		F70031E92381498900E185FC /* Debug */ = {
			isa = XCBuildConfiguration;
			buildSettings = {
				ASSETCATALOG_COMPILER_APPICON_NAME = AppIcon;
				CODE_SIGN_STYLE = Automatic;
				DEVELOPMENT_TEAM = F65YYAQSG7;
				INFOPLIST_FILE = JsonApp/Info.plist;
				LD_RUNPATH_SEARCH_PATHS = (
					"$(inherited)",
					"@executable_path/Frameworks",
				);
				PRODUCT_BUNDLE_IDENTIFIER = Igor.JsonApp;
				PRODUCT_NAME = "$(TARGET_NAME)";
				SWIFT_VERSION = 5.0;
				TARGETED_DEVICE_FAMILY = "1,2";
			};
			name = Debug;
		};
		F70031EA2381498900E185FC /* Release */ = {
			isa = XCBuildConfiguration;
			buildSettings = {
				ASSETCATALOG_COMPILER_APPICON_NAME = AppIcon;
				CODE_SIGN_STYLE = Automatic;
				DEVELOPMENT_TEAM = F65YYAQSG7;
				INFOPLIST_FILE = JsonApp/Info.plist;
				LD_RUNPATH_SEARCH_PATHS = (
					"$(inherited)",
					"@executable_path/Frameworks",
				);
				PRODUCT_BUNDLE_IDENTIFIER = Igor.JsonApp;
				PRODUCT_NAME = "$(TARGET_NAME)";
				SWIFT_VERSION = 5.0;
				TARGETED_DEVICE_FAMILY = "1,2";
			};
			name = Release;
		};
/* End XCBuildConfiguration section */

/* Begin XCConfigurationList section */
		F70031D12381498800E185FC /* Build configuration list for PBXProject "JsonApp" */ = {
			isa = XCConfigurationList;
			buildConfigurations = (
				F70031E62381498900E185FC /* Debug */,
				F70031E72381498900E185FC /* Release */,
			);
			defaultConfigurationIsVisible = 0;
			defaultConfigurationName = Release;
		};
		F70031E82381498900E185FC /* Build configuration list for PBXNativeTarget "JsonApp" */ = {
			isa = XCConfigurationList;
			buildConfigurations = (
				F70031E92381498900E185FC /* Debug */,
				F70031EA2381498900E185FC /* Release */,
			);
			defaultConfigurationIsVisible = 0;
			defaultConfigurationName = Release;
		};
/* End XCConfigurationList section */
	};
	rootObject = F70031CE2381498800E185FC /* Project object */;
}
